
Microsoft Visual Studio Solution File, Format Version 12.00
# Visual Studio Version 16
VisualStudioVersion = 16.0.30204.135
MinimumVisualStudioVersion = 10.0.40219.1
Project("{FAE04EC0-301F-11D3-BF4B-00C04F79EFBC}") = "ConnectFramework.Android", "ConnectFramework.Android\ConnectFramework.Android.csproj", "{BA7D3F4B-9599-4565-8ECB-2D0070D1B3CF}"
EndProject
Project("{FAE04EC0-301F-11D3-BF4B-00C04F79EFBC}") = "ConnectFramework.iOS", "ConnectFramework.iOS\ConnectFramework.iOS.csproj", "{D05120FC-203E-4FF1-9D86-9BC4475ADC75}"
EndProject
Project("{9A19103F-16F7-4668-BE54-9A1E7A4F7556}") = "Iridium360.Connect.Framework.Nuget", "Iridium360.Connect.Framework.Nuget\Iridium360.Connect.Framework.Nuget.csproj", "{D0EF1F8F-E543-48D9-BF52-FDA92FB09CC7}"
EndProject
Project("{9A19103F-16F7-4668-BE54-9A1E7A4F7556}") = "Iridium360.Connect.Framework.Tests", "Iridium360.Connect.Framework.Tests\Iridium360.Connect.Framework.Tests.csproj", "{301602B8-8BEB-4801-A030-DE171590A6C1}"
EndProject
Project("{9A19103F-16F7-4668-BE54-9A1E7A4F7556}") = "BivyStick.Sample", "BivyStick.Sample\BivyStick.Sample\BivyStick.Sample.csproj", "{23E9B093-014C-4BF6-83C0-69E7C78B6A42}"
EndProject
Project("{FAE04EC0-301F-11D3-BF4B-00C04F79EFBC}") = "BivyStick.Sample.Android", "BivyStick.Sample\BivyStick.Sample.Android\BivyStick.Sample.Android.csproj", "{2E2EE19D-437B-4A1A-9273-601D480199C7}"
EndProject
Project("{FAE04EC0-301F-11D3-BF4B-00C04F79EFBC}") = "BivyStick.Sample.iOS", "BivyStick.Sample\BivyStick.Sample.iOS\BivyStick.Sample.iOS.csproj", "{69519104-EA83-4275-A493-2D7D05255FC1}"
EndProject
Project("{2150E333-8FDC-42A3-9474-1A3956D46DE8}") = "Samples", "Samples", "{9E0F1ADD-E785-44FD-9DBD-0250469D95D7}"
EndProject
Project("{9A19103F-16F7-4668-BE54-9A1E7A4F7556}") = "Iridium360.Connect.Framework.Core", "Iridium360.Connect.Framework\Iridium360.Connect.Framework.Core.csproj", "{C386356E-B70D-4C7A-9158-AA0E2707A35D}"
EndProject
Project("{2150E333-8FDC-42A3-9474-1A3956D46DE8}") = "Tests", "Tests", "{5770DF13-D32D-45F4-A79F-7328E8ABAC5C}"
EndProject
Project("{2150E333-8FDC-42A3-9474-1A3956D46DE8}") = "Nuget", "Nuget", "{10143C9B-D9EA-4C8A-928E-B376A31E5882}"
EndProject
Project("{2150E333-8FDC-42A3-9474-1A3956D46DE8}") = "Bindings", "Bindings", "{5A1A0454-BEC1-4FC9-A357-A10FAB7A4882}"
EndProject
Project("{D954291E-2A0B-460D-934E-DC6B0785DB48}") = "ConnectFramework.Shared", "ConnectFramework.Shared\ConnectFramework.Shared.shproj", "{893802E7-AA0B-4073-B470-6A492407E7ED}"
EndProject
Project("{D954291E-2A0B-460D-934E-DC6B0785DB48}") = "BivyStick.Shared", "BivyStick.Shared\BivyStick.Shared.shproj", "{516DF317-B126-4EE5-8973-068506B243B6}"
EndProject
Project("{D954291E-2A0B-460D-934E-DC6B0785DB48}") = "Iridium360.Connect.Framework.Shared", "Iridium360.Connect.Framework.Shared\Iridium360.Connect.Framework.Shared.shproj", "{1C8A69D6-2F92-4DAD-BCC6-35FE8F99FF88}"
EndProject
Project("{9A19103F-16F7-4668-BE54-9A1E7A4F7556}") = "BivyStick", "BivyStick\BivyStick.csproj", "{88387AD6-9DC1-4101-9CE9-BAAC035A384C}"
EndProject
Global
	GlobalSection(SharedMSBuildProjectFiles) = preSolution
		Iridium360.Connect.Framework.Shared\Iridium360.Connect.Framework.Shared.projitems*{1c8a69d6-2f92-4dad-bcc6-35fe8f99ff88}*SharedItemsImports = 13
		BivyStick.Shared\BivyStick.Shared.projitems*{516df317-b126-4ee5-8973-068506b243b6}*SharedItemsImports = 13
		ConnectFramework.Shared\ConnectFramework.Shared.projitems*{893802e7-aa0b-4073-b470-6a492407e7ed}*SharedItemsImports = 13
		BivyStick.Shared\BivyStick.Shared.projitems*{d0ef1f8f-e543-48d9-bf52-fda92fb09cc7}*SharedItemsImports = 5
		ConnectFramework.Shared\ConnectFramework.Shared.projitems*{d0ef1f8f-e543-48d9-bf52-fda92fb09cc7}*SharedItemsImports = 5
		Iridium360.Connect.Framework.Shared\Iridium360.Connect.Framework.Shared.projitems*{d0ef1f8f-e543-48d9-bf52-fda92fb09cc7}*SharedItemsImports = 5
	EndGlobalSection
	GlobalSection(SolutionConfigurationPlatforms) = preSolution
		Debug|Any CPU = Debug|Any CPU
		Debug|iPhone = Debug|iPhone
		Debug|iPhoneSimulator = Debug|iPhoneSimulator
		Release|Any CPU = Release|Any CPU
		Release|iPhone = Release|iPhone
		Release|iPhoneSimulator = Release|iPhoneSimulator
	EndGlobalSection
	GlobalSection(ProjectConfigurationPlatforms) = postSolution
		{BA7D3F4B-9599-4565-8ECB-2D0070D1B3CF}.Debug|Any CPU.ActiveCfg = Debug|Any CPU
		{BA7D3F4B-9599-4565-8ECB-2D0070D1B3CF}.Debug|Any CPU.Build.0 = Debug|Any CPU
		{BA7D3F4B-9599-4565-8ECB-2D0070D1B3CF}.Debug|iPhone.ActiveCfg = Debug|Any CPU
		{BA7D3F4B-9599-4565-8ECB-2D0070D1B3CF}.Debug|iPhone.Build.0 = Debug|Any CPU
		{BA7D3F4B-9599-4565-8ECB-2D0070D1B3CF}.Debug|iPhoneSimulator.ActiveCfg = Debug|Any CPU
		{BA7D3F4B-9599-4565-8ECB-2D0070D1B3CF}.Debug|iPhoneSimulator.Build.0 = Debug|Any CPU
		{BA7D3F4B-9599-4565-8ECB-2D0070D1B3CF}.Release|Any CPU.ActiveCfg = Release|Any CPU
		{BA7D3F4B-9599-4565-8ECB-2D0070D1B3CF}.Release|Any CPU.Build.0 = Release|Any CPU
		{BA7D3F4B-9599-4565-8ECB-2D0070D1B3CF}.Release|iPhone.ActiveCfg = Release|Any CPU
		{BA7D3F4B-9599-4565-8ECB-2D0070D1B3CF}.Release|iPhone.Build.0 = Release|Any CPU
		{BA7D3F4B-9599-4565-8ECB-2D0070D1B3CF}.Release|iPhoneSimulator.ActiveCfg = Release|Any CPU
		{BA7D3F4B-9599-4565-8ECB-2D0070D1B3CF}.Release|iPhoneSimulator.Build.0 = Release|Any CPU
		{D05120FC-203E-4FF1-9D86-9BC4475ADC75}.Debug|Any CPU.ActiveCfg = Debug|Any CPU
		{D05120FC-203E-4FF1-9D86-9BC4475ADC75}.Debug|Any CPU.Build.0 = Debug|Any CPU
		{D05120FC-203E-4FF1-9D86-9BC4475ADC75}.Debug|iPhone.ActiveCfg = Debug|Any CPU
		{D05120FC-203E-4FF1-9D86-9BC4475ADC75}.Debug|iPhone.Build.0 = Debug|Any CPU
		{D05120FC-203E-4FF1-9D86-9BC4475ADC75}.Debug|iPhoneSimulator.ActiveCfg = Debug|Any CPU
		{D05120FC-203E-4FF1-9D86-9BC4475ADC75}.Debug|iPhoneSimulator.Build.0 = Debug|Any CPU
		{D05120FC-203E-4FF1-9D86-9BC4475ADC75}.Release|Any CPU.ActiveCfg = Release|Any CPU
		{D05120FC-203E-4FF1-9D86-9BC4475ADC75}.Release|Any CPU.Build.0 = Release|Any CPU
		{D05120FC-203E-4FF1-9D86-9BC4475ADC75}.Release|iPhone.ActiveCfg = Release|Any CPU
		{D05120FC-203E-4FF1-9D86-9BC4475ADC75}.Release|iPhone.Build.0 = Release|Any CPU
		{D05120FC-203E-4FF1-9D86-9BC4475ADC75}.Release|iPhoneSimulator.ActiveCfg = Release|Any CPU
		{D05120FC-203E-4FF1-9D86-9BC4475ADC75}.Release|iPhoneSimulator.Build.0 = Release|Any CPU
		{D0EF1F8F-E543-48D9-BF52-FDA92FB09CC7}.Debug|Any CPU.ActiveCfg = Debug|Any CPU
		{D0EF1F8F-E543-48D9-BF52-FDA92FB09CC7}.Debug|Any CPU.Build.0 = Debug|Any CPU
		{D0EF1F8F-E543-48D9-BF52-FDA92FB09CC7}.Debug|iPhone.ActiveCfg = Debug|Any CPU
		{D0EF1F8F-E543-48D9-BF52-FDA92FB09CC7}.Debug|iPhone.Build.0 = Debug|Any CPU
		{D0EF1F8F-E543-48D9-BF52-FDA92FB09CC7}.Debug|iPhoneSimulator.ActiveCfg = Debug|Any CPU
		{D0EF1F8F-E543-48D9-BF52-FDA92FB09CC7}.Debug|iPhoneSimulator.Build.0 = Debug|Any CPU
		{D0EF1F8F-E543-48D9-BF52-FDA92FB09CC7}.Release|Any CPU.ActiveCfg = Release|Any CPU
		{D0EF1F8F-E543-48D9-BF52-FDA92FB09CC7}.Release|Any CPU.Build.0 = Release|Any CPU
		{D0EF1F8F-E543-48D9-BF52-FDA92FB09CC7}.Release|iPhone.ActiveCfg = Release|Any CPU
		{D0EF1F8F-E543-48D9-BF52-FDA92FB09CC7}.Release|iPhone.Build.0 = Release|Any CPU
		{D0EF1F8F-E543-48D9-BF52-FDA92FB09CC7}.Release|iPhoneSimulator.ActiveCfg = Release|Any CPU
		{D0EF1F8F-E543-48D9-BF52-FDA92FB09CC7}.Release|iPhoneSimulator.Build.0 = Release|Any CPU
		{301602B8-8BEB-4801-A030-DE171590A6C1}.Debug|Any CPU.ActiveCfg = Debug|Any CPU
		{301602B8-8BEB-4801-A030-DE171590A6C1}.Debug|Any CPU.Build.0 = Debug|Any CPU
		{301602B8-8BEB-4801-A030-DE171590A6C1}.Debug|iPhone.ActiveCfg = Debug|Any CPU
		{301602B8-8BEB-4801-A030-DE171590A6C1}.Debug|iPhone.Build.0 = Debug|Any CPU
		{301602B8-8BEB-4801-A030-DE171590A6C1}.Debug|iPhoneSimulator.ActiveCfg = Debug|Any CPU
		{301602B8-8BEB-4801-A030-DE171590A6C1}.Debug|iPhoneSimulator.Build.0 = Debug|Any CPU
		{301602B8-8BEB-4801-A030-DE171590A6C1}.Release|Any CPU.ActiveCfg = Release|Any CPU
		{301602B8-8BEB-4801-A030-DE171590A6C1}.Release|Any CPU.Build.0 = Release|Any CPU
		{301602B8-8BEB-4801-A030-DE171590A6C1}.Release|iPhone.ActiveCfg = Release|Any CPU
		{301602B8-8BEB-4801-A030-DE171590A6C1}.Release|iPhone.Build.0 = Release|Any CPU
		{301602B8-8BEB-4801-A030-DE171590A6C1}.Release|iPhoneSimulator.ActiveCfg = Release|Any CPU
		{301602B8-8BEB-4801-A030-DE171590A6C1}.Release|iPhoneSimulator.Build.0 = Release|Any CPU
		{23E9B093-014C-4BF6-83C0-69E7C78B6A42}.Debug|Any CPU.ActiveCfg = Debug|Any CPU
		{23E9B093-014C-4BF6-83C0-69E7C78B6A42}.Debug|Any CPU.Build.0 = Debug|Any CPU
		{23E9B093-014C-4BF6-83C0-69E7C78B6A42}.Debug|iPhone.ActiveCfg = Debug|Any CPU
		{23E9B093-014C-4BF6-83C0-69E7C78B6A42}.Debug|iPhone.Build.0 = Debug|Any CPU
		{23E9B093-014C-4BF6-83C0-69E7C78B6A42}.Debug|iPhoneSimulator.ActiveCfg = Debug|Any CPU
		{23E9B093-014C-4BF6-83C0-69E7C78B6A42}.Debug|iPhoneSimulator.Build.0 = Debug|Any CPU
		{23E9B093-014C-4BF6-83C0-69E7C78B6A42}.Release|Any CPU.ActiveCfg = Release|Any CPU
		{23E9B093-014C-4BF6-83C0-69E7C78B6A42}.Release|Any CPU.Build.0 = Release|Any CPU
		{23E9B093-014C-4BF6-83C0-69E7C78B6A42}.Release|iPhone.ActiveCfg = Release|Any CPU
		{23E9B093-014C-4BF6-83C0-69E7C78B6A42}.Release|iPhone.Build.0 = Release|Any CPU
		{23E9B093-014C-4BF6-83C0-69E7C78B6A42}.Release|iPhoneSimulator.ActiveCfg = Release|Any CPU
		{23E9B093-014C-4BF6-83C0-69E7C78B6A42}.Release|iPhoneSimulator.Build.0 = Release|Any CPU
		{2E2EE19D-437B-4A1A-9273-601D480199C7}.Debug|Any CPU.ActiveCfg = Debug|Any CPU
		{2E2EE19D-437B-4A1A-9273-601D480199C7}.Debug|Any CPU.Build.0 = Debug|Any CPU
		{2E2EE19D-437B-4A1A-9273-601D480199C7}.Debug|Any CPU.Deploy.0 = Debug|Any CPU
		{2E2EE19D-437B-4A1A-9273-601D480199C7}.Debug|iPhone.ActiveCfg = Debug|Any CPU
		{2E2EE19D-437B-4A1A-9273-601D480199C7}.Debug|iPhone.Build.0 = Debug|Any CPU
		{2E2EE19D-437B-4A1A-9273-601D480199C7}.Debug|iPhone.Deploy.0 = Debug|Any CPU
		{2E2EE19D-437B-4A1A-9273-601D480199C7}.Debug|iPhoneSimulator.ActiveCfg = Debug|Any CPU
		{2E2EE19D-437B-4A1A-9273-601D480199C7}.Debug|iPhoneSimulator.Build.0 = Debug|Any CPU
		{2E2EE19D-437B-4A1A-9273-601D480199C7}.Debug|iPhoneSimulator.Deploy.0 = Debug|Any CPU
		{2E2EE19D-437B-4A1A-9273-601D480199C7}.Release|Any CPU.ActiveCfg = Release|Any CPU
		{2E2EE19D-437B-4A1A-9273-601D480199C7}.Release|Any CPU.Build.0 = Release|Any CPU
		{2E2EE19D-437B-4A1A-9273-601D480199C7}.Release|Any CPU.Deploy.0 = Release|Any CPU
		{2E2EE19D-437B-4A1A-9273-601D480199C7}.Release|iPhone.ActiveCfg = Release|Any CPU
		{2E2EE19D-437B-4A1A-9273-601D480199C7}.Release|iPhone.Build.0 = Release|Any CPU
		{2E2EE19D-437B-4A1A-9273-601D480199C7}.Release|iPhone.Deploy.0 = Release|Any CPU
		{2E2EE19D-437B-4A1A-9273-601D480199C7}.Release|iPhoneSimulator.ActiveCfg = Release|Any CPU
		{2E2EE19D-437B-4A1A-9273-601D480199C7}.Release|iPhoneSimulator.Build.0 = Release|Any CPU
		{2E2EE19D-437B-4A1A-9273-601D480199C7}.Release|iPhoneSimulator.Deploy.0 = Release|Any CPU
		{69519104-EA83-4275-A493-2D7D05255FC1}.Debug|Any CPU.ActiveCfg = Debug|iPhoneSimulator
		{69519104-EA83-4275-A493-2D7D05255FC1}.Debug|iPhone.ActiveCfg = Debug|iPhone
		{69519104-EA83-4275-A493-2D7D05255FC1}.Debug|iPhone.Build.0 = Debug|iPhone
		{69519104-EA83-4275-A493-2D7D05255FC1}.Debug|iPhoneSimulator.ActiveCfg = Debug|iPhoneSimulator
		{69519104-EA83-4275-A493-2D7D05255FC1}.Debug|iPhoneSimulator.Build.0 = Debug|iPhoneSimulator
		{69519104-EA83-4275-A493-2D7D05255FC1}.Release|Any CPU.ActiveCfg = Release|iPhoneSimulator
		{69519104-EA83-4275-A493-2D7D05255FC1}.Release|iPhone.ActiveCfg = Release|iPhone
		{69519104-EA83-4275-A493-2D7D05255FC1}.Release|iPhone.Build.0 = Release|iPhone
		{69519104-EA83-4275-A493-2D7D05255FC1}.Release|iPhoneSimulator.ActiveCfg = Release|iPhoneSimulator
		{69519104-EA83-4275-A493-2D7D05255FC1}.Release|iPhoneSimulator.Build.0 = Release|iPhoneSimulator
		{C386356E-B70D-4C7A-9158-AA0E2707A35D}.Debug|Any CPU.ActiveCfg = Debug|Any CPU
		{C386356E-B70D-4C7A-9158-AA0E2707A35D}.Debug|Any CPU.Build.0 = Debug|Any CPU
		{C386356E-B70D-4C7A-9158-AA0E2707A35D}.Debug|iPhone.ActiveCfg = Debug|Any CPU
		{C386356E-B70D-4C7A-9158-AA0E2707A35D}.Debug|iPhone.Build.0 = Debug|Any CPU
		{C386356E-B70D-4C7A-9158-AA0E2707A35D}.Debug|iPhoneSimulator.ActiveCfg = Debug|Any CPU
		{C386356E-B70D-4C7A-9158-AA0E2707A35D}.Debug|iPhoneSimulator.Build.0 = Debug|Any CPU
		{C386356E-B70D-4C7A-9158-AA0E2707A35D}.Release|Any CPU.ActiveCfg = Release|Any CPU
		{C386356E-B70D-4C7A-9158-AA0E2707A35D}.Release|Any CPU.Build.0 = Release|Any CPU
		{C386356E-B70D-4C7A-9158-AA0E2707A35D}.Release|iPhone.ActiveCfg = Release|Any CPU
		{C386356E-B70D-4C7A-9158-AA0E2707A35D}.Release|iPhone.Build.0 = Release|Any CPU
		{C386356E-B70D-4C7A-9158-AA0E2707A35D}.Release|iPhoneSimulator.ActiveCfg = Release|Any CPU
		{C386356E-B70D-4C7A-9158-AA0E2707A35D}.Release|iPhoneSimulator.Build.0 = Release|Any CPU
		{88387AD6-9DC1-4101-9CE9-BAAC035A384C}.Debug|Any CPU.ActiveCfg = Debug|Any CPU
		{88387AD6-9DC1-4101-9CE9-BAAC035A384C}.Debug|Any CPU.Build.0 = Debug|Any CPU
		{88387AD6-9DC1-4101-9CE9-BAAC035A384C}.Debug|iPhone.ActiveCfg = Debug|Any CPU
		{88387AD6-9DC1-4101-9CE9-BAAC035A384C}.Debug|iPhone.Build.0 = Debug|Any CPU
		{88387AD6-9DC1-4101-9CE9-BAAC035A384C}.Debug|iPhoneSimulator.ActiveCfg = Debug|Any CPU
		{88387AD6-9DC1-4101-9CE9-BAAC035A384C}.Debug|iPhoneSimulator.Build.0 = Debug|Any CPU
		{88387AD6-9DC1-4101-9CE9-BAAC035A384C}.Release|Any CPU.ActiveCfg = Release|Any CPU
		{88387AD6-9DC1-4101-9CE9-BAAC035A384C}.Release|Any CPU.Build.0 = Release|Any CPU
		{88387AD6-9DC1-4101-9CE9-BAAC035A384C}.Release|iPhone.ActiveCfg = Release|Any CPU
		{88387AD6-9DC1-4101-9CE9-BAAC035A384C}.Release|iPhone.Build.0 = Release|Any CPU
		{88387AD6-9DC1-4101-9CE9-BAAC035A384C}.Release|iPhoneSimulator.ActiveCfg = Release|Any CPU
		{88387AD6-9DC1-4101-9CE9-BAAC035A384C}.Release|iPhoneSimulator.Build.0 = Release|Any CPU
	EndGlobalSection
	GlobalSection(SolutionProperties) = preSolution
		HideSolutionNode = FALSE
	EndGlobalSection
	GlobalSection(NestedProjects) = preSolution
		{BA7D3F4B-9599-4565-8ECB-2D0070D1B3CF} = {5A1A0454-BEC1-4FC9-A357-A10FAB7A4882}
		{D05120FC-203E-4FF1-9D86-9BC4475ADC75} = {5A1A0454-BEC1-4FC9-A357-A10FAB7A4882}
		{D0EF1F8F-E543-48D9-BF52-FDA92FB09CC7} = {10143C9B-D9EA-4C8A-928E-B376A31E5882}
		{301602B8-8BEB-4801-A030-DE171590A6C1} = {5770DF13-D32D-45F4-A79F-7328E8ABAC5C}
		{23E9B093-014C-4BF6-83C0-69E7C78B6A42} = {9E0F1ADD-E785-44FD-9DBD-0250469D95D7}
		{2E2EE19D-437B-4A1A-9273-601D480199C7} = {9E0F1ADD-E785-44FD-9DBD-0250469D95D7}
		{69519104-EA83-4275-A493-2D7D05255FC1} = {9E0F1ADD-E785-44FD-9DBD-0250469D95D7}
		{1C8A69D6-2F92-4DAD-BCC6-35FE8F99FF88} = {10143C9B-D9EA-4C8A-928E-B376A31E5882}
		{88387AD6-9DC1-4101-9CE9-BAAC035A384C} = {5A1A0454-BEC1-4FC9-A357-A10FAB7A4882}
	EndGlobalSection
	GlobalSection(ExtensibilityGlobals) = postSolution
		SolutionGuid = {AB710AD7-C285-4D8A-8397-EF0D5F9DF4D0}
	EndGlobalSection
EndGlobal
